
Microsoft Visual Studio Solution File, Format Version 12.00
# Visual Studio 15
VisualStudioVersion = 15.0.28307.168
MinimumVisualStudioVersion = 10.0.40219.1
Project("{FAE04EC0-301F-11D3-BF4B-00C04F79EFBC}") = "HelloWorld", "HelloWorld\HelloWorld.csproj", "{984E9E80-335C-495B-AC41-B8EA90322F01}"
EndProject
Global
	GlobalSection(SolutionConfigurationPlatforms) = preSolution
		Debug|Any CPU = Debug|Any CPU
		Release|Any CPU = Release|Any CPU
	EndGlobalSection
	GlobalSection(ProjectConfigurationPlatforms) = postSolution
		{984E9E80-335C-495B-AC41-B8EA90322F01}.Debug|Any CPU.ActiveCfg = Debug|Any CPU
		{984E9E80-335C-495B-AC41-B8EA90322F01}.Debug|Any CPU.Build.0 = Debug|Any CPU
		{984E9E80-335C-495B-AC41-B8EA90322F01}.Release|Any CPU.ActiveCfg = Release|Any CPU
		{984E9E80-335C-495B-AC41-B8EA90322F01}.Release|Any CPU.Build.0 = Release|Any CPU
	EndGlobalSection
	GlobalSection(SolutionProperties) = preSolution
		HideSolutionNode = FALSE
	EndGlobalSection
	GlobalSection(ExtensibilityGlobals) = postSolution
		SolutionGuid = {EF9B6EAB-46CA-4496-BA93-12D1FD1BB377}
	EndGlobalSection
EndGlobal
